{
  "object": {
    "pins": [
      {
        "package": "AMRSDK",
        "repositoryURL": "https://github.com/admost/AMR-IOS-SDK.git",
        "state": {
          "branch": null,
          "revision": "8c431fa83bf6f6baf5ae83b169476037f97d85a9",
          "version": "1.5.80"
        }
      },
      {
        "package": "KokteylLog",
        "repositoryURL": "https://github.com/kokteyldev/KOKTEYL-LOG-SDK.git",
        "state": {
          "branch": null,
          "revision": "b72a5e77f90ecf15940a2889d91e194be5b140c6",
          "version": "1.1.2"
        }
      },
      {
        "package": "GoogleMobileAds",
        "repositoryURL": "https://github.com/googleads/swift-package-manager-google-mobile-ads.git",
        "state": {
          "branch": null,
          "revision": "4458cfaeb502801c779dbb7fbd0121d198628f52",
          "version": "13.1.0"
        }
      },
      {
        "package": "GoogleUserMessagingPlatform",
        "repositoryURL": "https://github.com/googleads/swift-package-manager-google-user-messaging-platform.git",
        "state": {
          "branch": null,
          "revision": "13b248eaa73b7826f0efb1bcf455e251d65ecb1b",
          "version": "3.1.0"
        }
      }
    ]
  },
  "version": 1
}
