{
  "object": {
    "pins": [
      {
        "package": "AMRSDK",
        "repositoryURL": "https://github.com/admost/AMR-IOS-SDK.git",
        "state": {
          "branch": null,
          "revision": "fd89e7cdc37b3dc30a0454177445fbb2f2e7e5e8",
          "version": "1.5.84"
        }
      },
      {
        "package": "KokteylLog",
        "repositoryURL": "https://github.com/kokteyldev/KOKTEYL-LOG-SDK.git",
        "state": {
          "branch": null,
          "revision": "d4cf651e3c3d591748a8887a0a04ab0f5bf7c81c",
          "version": "1.1.4"
        }
      },
      {
        "package": "GoogleMobileAds",
        "repositoryURL": "https://github.com/googleads/swift-package-manager-google-mobile-ads.git",
        "state": {
          "branch": null,
          "revision": "4458cfaeb502801c779dbb7fbd0121d198628f52",
          "version": "13.1.0"
        }
      },
      {
        "package": "GoogleUserMessagingPlatform",
        "repositoryURL": "https://github.com/googleads/swift-package-manager-google-user-messaging-platform.git",
        "state": {
          "branch": null,
          "revision": "13b248eaa73b7826f0efb1bcf455e251d65ecb1b",
          "version": "3.1.0"
        }
      }
    ]
  },
  "version": 1
}
